
Microsoft Visual Studio Solution File, Format Version 12.00
# Visual Studio Version 17
VisualStudioVersion = 17.1.32421.90
MinimumVisualStudioVersion = 10.0.40219.1
Project("{9A19103F-16F7-4668-BE54-9A1E7A4F7556}") = "LessonFour", "LessonFour\LessonFour.csproj", "{80C37708-0A93-4FF6-82D9-5D3741AFC0CE}"
EndProject
Project("{9A19103F-16F7-4668-BE54-9A1E7A4F7556}") = "CardinalToOrdinal", "CardinalToOrdinal\CardinalToOrdinal.csproj", "{94C9B88C-B831-4E73-81E4-2F751CC59FCD}"
EndProject
Project("{9A19103F-16F7-4668-BE54-9A1E7A4F7556}") = "Recursion", "Recursion\Recursion.csproj", "{DF07191F-3A0B-452D-8687-FEC8C4A26EC0}"
EndProject
Project("{9A19103F-16F7-4668-BE54-9A1E7A4F7556}") = "Fibonacci", "Fibonacci\Fibonacci.csproj", "{10A7371C-4F7C-451B-8DF7-6AC458285317}"
EndProject
Project("{9A19103F-16F7-4668-BE54-9A1E7A4F7556}") = "Debugging", "Debugging\Debugging.csproj", "{D8B42C41-0781-4E8E-B119-83352CFCBDEB}"
EndProject
Project("{FAE04EC0-301F-11D3-BF4B-00C04F79EFBC}") = "Logging", "Logging\Logging.csproj", "{92A11967-0C0E-468F-98EE-5D865EBD1A17}"
EndProject
Global
	GlobalSection(SolutionConfigurationPlatforms) = preSolution
		Debug|Any CPU = Debug|Any CPU
		Release|Any CPU = Release|Any CPU
	EndGlobalSection
	GlobalSection(ProjectConfigurationPlatforms) = postSolution
		{80C37708-0A93-4FF6-82D9-5D3741AFC0CE}.Debug|Any CPU.ActiveCfg = Debug|Any CPU
		{80C37708-0A93-4FF6-82D9-5D3741AFC0CE}.Debug|Any CPU.Build.0 = Debug|Any CPU
		{80C37708-0A93-4FF6-82D9-5D3741AFC0CE}.Release|Any CPU.ActiveCfg = Release|Any CPU
		{80C37708-0A93-4FF6-82D9-5D3741AFC0CE}.Release|Any CPU.Build.0 = Release|Any CPU
		{94C9B88C-B831-4E73-81E4-2F751CC59FCD}.Debug|Any CPU.ActiveCfg = Debug|Any CPU
		{94C9B88C-B831-4E73-81E4-2F751CC59FCD}.Debug|Any CPU.Build.0 = Debug|Any CPU
		{94C9B88C-B831-4E73-81E4-2F751CC59FCD}.Release|Any CPU.ActiveCfg = Release|Any CPU
		{94C9B88C-B831-4E73-81E4-2F751CC59FCD}.Release|Any CPU.Build.0 = Release|Any CPU
		{DF07191F-3A0B-452D-8687-FEC8C4A26EC0}.Debug|Any CPU.ActiveCfg = Debug|Any CPU
		{DF07191F-3A0B-452D-8687-FEC8C4A26EC0}.Debug|Any CPU.Build.0 = Debug|Any CPU
		{DF07191F-3A0B-452D-8687-FEC8C4A26EC0}.Release|Any CPU.ActiveCfg = Release|Any CPU
		{DF07191F-3A0B-452D-8687-FEC8C4A26EC0}.Release|Any CPU.Build.0 = Release|Any CPU
		{10A7371C-4F7C-451B-8DF7-6AC458285317}.Debug|Any CPU.ActiveCfg = Debug|Any CPU
		{10A7371C-4F7C-451B-8DF7-6AC458285317}.Debug|Any CPU.Build.0 = Debug|Any CPU
		{10A7371C-4F7C-451B-8DF7-6AC458285317}.Release|Any CPU.ActiveCfg = Release|Any CPU
		{10A7371C-4F7C-451B-8DF7-6AC458285317}.Release|Any CPU.Build.0 = Release|Any CPU
		{D8B42C41-0781-4E8E-B119-83352CFCBDEB}.Debug|Any CPU.ActiveCfg = Debug|Any CPU
		{D8B42C41-0781-4E8E-B119-83352CFCBDEB}.Debug|Any CPU.Build.0 = Debug|Any CPU
		{D8B42C41-0781-4E8E-B119-83352CFCBDEB}.Release|Any CPU.ActiveCfg = Release|Any CPU
		{D8B42C41-0781-4E8E-B119-83352CFCBDEB}.Release|Any CPU.Build.0 = Release|Any CPU
		{92A11967-0C0E-468F-98EE-5D865EBD1A17}.Debug|Any CPU.ActiveCfg = Debug|Any CPU
		{92A11967-0C0E-468F-98EE-5D865EBD1A17}.Debug|Any CPU.Build.0 = Debug|Any CPU
		{92A11967-0C0E-468F-98EE-5D865EBD1A17}.Release|Any CPU.ActiveCfg = Release|Any CPU
		{92A11967-0C0E-468F-98EE-5D865EBD1A17}.Release|Any CPU.Build.0 = Release|Any CPU
	EndGlobalSection
	GlobalSection(SolutionProperties) = preSolution
		HideSolutionNode = FALSE
	EndGlobalSection
	GlobalSection(ExtensibilityGlobals) = postSolution
		SolutionGuid = {F5D87FCB-957E-4C3C-A477-72B145443BDA}
	EndGlobalSection
EndGlobal
