
Microsoft Visual Studio Solution File, Format Version 12.00
# Visual Studio Version 17
VisualStudioVersion = 17.1.32421.90
MinimumVisualStudioVersion = 10.0.40219.1
Project("{FAE04EC0-301F-11D3-BF4B-00C04F79EFBC}") = "LessonSixLibrary", "LessonSixLibrary\LessonSixLibrary.csproj", "{DCBF7E66-65E6-4502-AAAB-298DF2CD9D92}"
EndProject
Project("{FAE04EC0-301F-11D3-BF4B-00C04F79EFBC}") = "LessonSix", "LessonSix\LessonSix.csproj", "{442D84DB-B17C-4C04-8CAB-CCBC45B65B72}"
EndProject
Global
	GlobalSection(SolutionConfigurationPlatforms) = preSolution
		Debug|Any CPU = Debug|Any CPU
		Release|Any CPU = Release|Any CPU
	EndGlobalSection
	GlobalSection(ProjectConfigurationPlatforms) = postSolution
		{DCBF7E66-65E6-4502-AAAB-298DF2CD9D92}.Debug|Any CPU.ActiveCfg = Debug|Any CPU
		{DCBF7E66-65E6-4502-AAAB-298DF2CD9D92}.Debug|Any CPU.Build.0 = Debug|Any CPU
		{DCBF7E66-65E6-4502-AAAB-298DF2CD9D92}.Release|Any CPU.ActiveCfg = Release|Any CPU
		{DCBF7E66-65E6-4502-AAAB-298DF2CD9D92}.Release|Any CPU.Build.0 = Release|Any CPU
		{442D84DB-B17C-4C04-8CAB-CCBC45B65B72}.Debug|Any CPU.ActiveCfg = Debug|Any CPU
		{442D84DB-B17C-4C04-8CAB-CCBC45B65B72}.Debug|Any CPU.Build.0 = Debug|Any CPU
		{442D84DB-B17C-4C04-8CAB-CCBC45B65B72}.Release|Any CPU.ActiveCfg = Release|Any CPU
		{442D84DB-B17C-4C04-8CAB-CCBC45B65B72}.Release|Any CPU.Build.0 = Release|Any CPU
	EndGlobalSection
	GlobalSection(SolutionProperties) = preSolution
		HideSolutionNode = FALSE
	EndGlobalSection
	GlobalSection(ExtensibilityGlobals) = postSolution
		SolutionGuid = {97B7ABDF-50CC-4B1B-9491-F28A4473E624}
	EndGlobalSection
EndGlobal
