
Microsoft Visual Studio Solution File, Format Version 12.00
# Visual Studio Version 17
VisualStudioVersion = 17.3.32825.248
MinimumVisualStudioVersion = 10.0.40219.1
Project("{FAE04EC0-301F-11D3-BF4B-00C04F79EFBC}") = "LinqWithSets", "LinqWithSets\LinqWithSets.csproj", "{9E785299-6AF2-4CA9-818B-D6E2064CABF2}"
EndProject
Project("{FAE04EC0-301F-11D3-BF4B-00C04F79EFBC}") = "LinqWithEFCore", "LinqWithEFCore\LinqWithEFCore.csproj", "{8AFC3E71-8E2D-4F1B-9024-021D3D4F7EDF}"
EndProject
Global
	GlobalSection(SolutionConfigurationPlatforms) = preSolution
		Debug|Any CPU = Debug|Any CPU
		Release|Any CPU = Release|Any CPU
	EndGlobalSection
	GlobalSection(ProjectConfigurationPlatforms) = postSolution
		{9E785299-6AF2-4CA9-818B-D6E2064CABF2}.Debug|Any CPU.ActiveCfg = Debug|Any CPU
		{9E785299-6AF2-4CA9-818B-D6E2064CABF2}.Debug|Any CPU.Build.0 = Debug|Any CPU
		{9E785299-6AF2-4CA9-818B-D6E2064CABF2}.Release|Any CPU.ActiveCfg = Release|Any CPU
		{9E785299-6AF2-4CA9-818B-D6E2064CABF2}.Release|Any CPU.Build.0 = Release|Any CPU
		{8AFC3E71-8E2D-4F1B-9024-021D3D4F7EDF}.Debug|Any CPU.ActiveCfg = Debug|Any CPU
		{8AFC3E71-8E2D-4F1B-9024-021D3D4F7EDF}.Debug|Any CPU.Build.0 = Debug|Any CPU
		{8AFC3E71-8E2D-4F1B-9024-021D3D4F7EDF}.Release|Any CPU.ActiveCfg = Release|Any CPU
		{8AFC3E71-8E2D-4F1B-9024-021D3D4F7EDF}.Release|Any CPU.Build.0 = Release|Any CPU
	EndGlobalSection
	GlobalSection(SolutionProperties) = preSolution
		HideSolutionNode = FALSE
	EndGlobalSection
	GlobalSection(ExtensibilityGlobals) = postSolution
		SolutionGuid = {434261FD-9FAC-47E9-AF73-DD8BF57B3CFE}
	EndGlobalSection
EndGlobal
